
Microsoft Visual Studio Solution File, Format Version 12.00
# Visual Studio Version 17
VisualStudioVersion = 17.13.35931.197 d17.13
MinimumVisualStudioVersion = 10.0.40219.1
Project("{FAE04EC0-301F-11D3-BF4B-00C04F79EFBC}") = "DPA.AnayaPC01.API", "DPA.AnayaPC01.API\DPA.AnayaPC01.API.csproj", "{0A4F2FF1-DAE0-4DFA-B649-52AD7A362BA9}"
EndProject
Project("{FAE04EC0-301F-11D3-BF4B-00C04F79EFBC}") = "DPA.AnayaPC01.DOMAIN", "DPA.AnayaPC01.DOMAIN\DPA.AnayaPC01.DOMAIN.csproj", "{519A5F13-5C81-45AC-8513-12F16746EB29}"
EndProject
Global
	GlobalSection(SolutionConfigurationPlatforms) = preSolution
		Debug|Any CPU = Debug|Any CPU
		Release|Any CPU = Release|Any CPU
	EndGlobalSection
	GlobalSection(ProjectConfigurationPlatforms) = postSolution
		{0A4F2FF1-DAE0-4DFA-B649-52AD7A362BA9}.Debug|Any CPU.ActiveCfg = Debug|Any CPU
		{0A4F2FF1-DAE0-4DFA-B649-52AD7A362BA9}.Debug|Any CPU.Build.0 = Debug|Any CPU
		{0A4F2FF1-DAE0-4DFA-B649-52AD7A362BA9}.Release|Any CPU.ActiveCfg = Release|Any CPU
		{0A4F2FF1-DAE0-4DFA-B649-52AD7A362BA9}.Release|Any CPU.Build.0 = Release|Any CPU
		{519A5F13-5C81-45AC-8513-12F16746EB29}.Debug|Any CPU.ActiveCfg = Debug|Any CPU
		{519A5F13-5C81-45AC-8513-12F16746EB29}.Debug|Any CPU.Build.0 = Debug|Any CPU
		{519A5F13-5C81-45AC-8513-12F16746EB29}.Release|Any CPU.ActiveCfg = Release|Any CPU
		{519A5F13-5C81-45AC-8513-12F16746EB29}.Release|Any CPU.Build.0 = Release|Any CPU
	EndGlobalSection
	GlobalSection(SolutionProperties) = preSolution
		HideSolutionNode = FALSE
	EndGlobalSection
	GlobalSection(ExtensibilityGlobals) = postSolution
		SolutionGuid = {737134C9-4836-49F0-A2AA-70E0602E9BC0}
	EndGlobalSection
EndGlobal
